
Microsoft Visual Studio Solution File, Format Version 12.00
# Visual Studio 14
VisualStudioVersion = 14.0.25420.1
MinimumVisualStudioVersion = 10.0.40219.1
Project("{FAE04EC0-301F-11D3-BF4B-00C04F79EFBC}") = "SoftwareLicenses.Service.Implementation", "BuisnessLayer\SoftwareLicenses.Service.Implementation.csproj", "{4B08D560-B567-406A-BD32-F7EA99DCABF4}"
EndProject
Project("{FAE04EC0-301F-11D3-BF4B-00C04F79EFBC}") = "SoftwareLicenses.Service.Implementation.Test", "BusinessLayer_Test\SoftwareLicenses.Service.Implementation.Test.csproj", "{CD3EFA1D-03B3-4878-ADAE-7C92A840D492}"
EndProject
Project("{FAE04EC0-301F-11D3-BF4B-00C04F79EFBC}") = "SoftwareLicenses.Service.Contracts", "BusinessLayer.CohesiveObjects\SoftwareLicenses.Service.Contracts.csproj", "{3C45144A-FED1-4DAD-A9ED-739272577809}"
EndProject
Project("{FAE04EC0-301F-11D3-BF4B-00C04F79EFBC}") = "SoftwareLicenses.DataAccess.Contracts", "DataAccessLayer.CohesiveObjects\SoftwareLicenses.DataAccess.Contracts.csproj", "{39F29E1A-27C8-46E5-A304-296CB051D6E5}"
EndProject
Project("{FAE04EC0-301F-11D3-BF4B-00C04F79EFBC}") = "SoftwareLicenses.DataAccess.Implementation", "DataAccessLayer.Implementation\SoftwareLicenses.DataAccess.Implementation.csproj", "{BC66C632-6B94-47F2-92AC-2AA3186D56FD}"
EndProject
Project("{FAE04EC0-301F-11D3-BF4B-00C04F79EFBC}") = "SoftwareLicenses.DataAccess.Implementation.Test", "DataAccessLayer.Implementation.Test\SoftwareLicenses.DataAccess.Implementation.Test.csproj", "{DA231050-7A06-4649-9AC3-32EAEFAE5A49}"
EndProject
Project("{FAE04EC0-301F-11D3-BF4B-00C04F79EFBC}") = "Infrastructure.Core", "CrosscuttingConcerns\Infrastructure.Core.csproj", "{EC6DFB82-75BD-4731-BD03-DEC56E2E5273}"
EndProject
Project("{2150E333-8FDC-42A3-9474-1A3956D46DE8}") = "BusinessLayer", "BusinessLayer", "{B2F2DAAD-8284-48BF-BCD1-4FD7104D2D61}"
EndProject
Project("{2150E333-8FDC-42A3-9474-1A3956D46DE8}") = "DataAccessLayer", "DataAccessLayer", "{F1F5BD14-6CC5-443A-86DA-3BB5BAF3DC88}"
EndProject
Project("{2150E333-8FDC-42A3-9474-1A3956D46DE8}") = "Infrastructure", "Infrastructure", "{4CBD1EF7-4010-4974-9A03-E8B6C7745882}"
EndProject
Project("{FAE04EC0-301F-11D3-BF4B-00C04F79EFBC}") = "Infrastructure.Core.Security", "Infrastructure.Security\Infrastructure.Core.Security.csproj", "{3AEA81F1-FE66-4EE6-846E-BBA65512325D}"
EndProject
Project("{2150E333-8FDC-42A3-9474-1A3956D46DE8}") = "Services", "Services", "{1D3C79F9-1E2C-496F-AD81-BF0A5D4ECF7F}"
EndProject
Project("{2150E333-8FDC-42A3-9474-1A3956D46DE8}") = "SoftwareLicenses", "SoftwareLicenses", "{46E24D7F-EE9A-4C47-B5ED-15016D6046C2}"
EndProject
Project("{2150E333-8FDC-42A3-9474-1A3956D46DE8}") = "Settings", "Settings", "{2C5C7E23-5ED8-4C8D-A003-83E228CD64A0}"
EndProject
Project("{2150E333-8FDC-42A3-9474-1A3956D46DE8}") = "Billing", "Billing", "{BA4AF75A-8C92-4E04-B41D-20974439F373}"
EndProject
Project("{2150E333-8FDC-42A3-9474-1A3956D46DE8}") = "Users", "Users", "{A6508A09-56E2-4510-ABF5-4C9B3D50B7FB}"
EndProject
Project("{2150E333-8FDC-42A3-9474-1A3956D46DE8}") = "Deployment", "Deployment", "{F19D0535-5D21-438B-B528-BC4204FB5687}"
EndProject
Project("{2150E333-8FDC-42A3-9474-1A3956D46DE8}") = "Operations", "Operations", "{1CAD3D51-1B91-4E25-89C5-8C2CDA3CE400}"
EndProject
Project("{2150E333-8FDC-42A3-9474-1A3956D46DE8}") = "Organization", "Organization", "{28A6396C-02DF-435F-BB12-7885B536B79A}"
EndProject
Project("{2150E333-8FDC-42A3-9474-1A3956D46DE8}") = "Activities", "Activities", "{36EAB6A7-9C48-4C66-A9C9-F78F2B6C160C}"
EndProject
Project("{2150E333-8FDC-42A3-9474-1A3956D46DE8}") = "Presentation", "Presentation", "{6CF3C466-28B9-4E8C-90F2-C68EF7588B6A}"
EndProject
Project("{2150E333-8FDC-42A3-9474-1A3956D46DE8}") = "Tests", "Tests", "{6E957D04-9131-4BEE-A9BE-54A3CAD02EC0}"
EndProject
Project("{FAE04EC0-301F-11D3-BF4B-00C04F79EFBC}") = "SoftwareLicenses.WebApi", "SoftwareLicenses.WebApi\SoftwareLicenses.WebApi.csproj", "{77C22A00-6485-40A8-ABC9-0D7678550080}"
EndProject
Project("{FAE04EC0-301F-11D3-BF4B-00C04F79EFBC}") = "Infrastructure.Core.DataAccess", "Infrastructure.DataAccess.Core\Infrastructure.Core.DataAccess.csproj", "{80688BD5-53F2-4418-BC82-B740683C0D15}"
EndProject
Project("{FAE04EC0-301F-11D3-BF4B-00C04F79EFBC}") = "Infrastructure.Core.DataContracts", "Infrastructure.Core.DataContracts\Infrastructure.Core.DataContracts.csproj", "{B701825B-C467-4F44-8E60-144ECE42F5D9}"
EndProject
Project("{FAE04EC0-301F-11D3-BF4B-00C04F79EFBC}") = "SoftwareLicenses.Console", "SoftwareLicenses.Console\SoftwareLicenses.Console.csproj", "{1A21026D-647F-4969-B390-72E1ED503307}"
EndProject
Global
	GlobalSection(SolutionConfigurationPlatforms) = preSolution
		Debug|Any CPU = Debug|Any CPU
		Release|Any CPU = Release|Any CPU
	EndGlobalSection
	GlobalSection(ProjectConfigurationPlatforms) = postSolution
		{4B08D560-B567-406A-BD32-F7EA99DCABF4}.Debug|Any CPU.ActiveCfg = Debug|Any CPU
		{4B08D560-B567-406A-BD32-F7EA99DCABF4}.Debug|Any CPU.Build.0 = Debug|Any CPU
		{4B08D560-B567-406A-BD32-F7EA99DCABF4}.Release|Any CPU.ActiveCfg = Release|Any CPU
		{4B08D560-B567-406A-BD32-F7EA99DCABF4}.Release|Any CPU.Build.0 = Release|Any CPU
		{CD3EFA1D-03B3-4878-ADAE-7C92A840D492}.Debug|Any CPU.ActiveCfg = Debug|Any CPU
		{CD3EFA1D-03B3-4878-ADAE-7C92A840D492}.Debug|Any CPU.Build.0 = Debug|Any CPU
		{CD3EFA1D-03B3-4878-ADAE-7C92A840D492}.Release|Any CPU.ActiveCfg = Release|Any CPU
		{CD3EFA1D-03B3-4878-ADAE-7C92A840D492}.Release|Any CPU.Build.0 = Release|Any CPU
		{3C45144A-FED1-4DAD-A9ED-739272577809}.Debug|Any CPU.ActiveCfg = Debug|Any CPU
		{3C45144A-FED1-4DAD-A9ED-739272577809}.Debug|Any CPU.Build.0 = Debug|Any CPU
		{3C45144A-FED1-4DAD-A9ED-739272577809}.Release|Any CPU.ActiveCfg = Release|Any CPU
		{3C45144A-FED1-4DAD-A9ED-739272577809}.Release|Any CPU.Build.0 = Release|Any CPU
		{39F29E1A-27C8-46E5-A304-296CB051D6E5}.Debug|Any CPU.ActiveCfg = Debug|Any CPU
		{39F29E1A-27C8-46E5-A304-296CB051D6E5}.Debug|Any CPU.Build.0 = Debug|Any CPU
		{39F29E1A-27C8-46E5-A304-296CB051D6E5}.Release|Any CPU.ActiveCfg = Release|Any CPU
		{39F29E1A-27C8-46E5-A304-296CB051D6E5}.Release|Any CPU.Build.0 = Release|Any CPU
		{BC66C632-6B94-47F2-92AC-2AA3186D56FD}.Debug|Any CPU.ActiveCfg = Debug|Any CPU
		{BC66C632-6B94-47F2-92AC-2AA3186D56FD}.Debug|Any CPU.Build.0 = Debug|Any CPU
		{BC66C632-6B94-47F2-92AC-2AA3186D56FD}.Release|Any CPU.ActiveCfg = Release|Any CPU
		{BC66C632-6B94-47F2-92AC-2AA3186D56FD}.Release|Any CPU.Build.0 = Release|Any CPU
		{DA231050-7A06-4649-9AC3-32EAEFAE5A49}.Debug|Any CPU.ActiveCfg = Debug|Any CPU
		{DA231050-7A06-4649-9AC3-32EAEFAE5A49}.Debug|Any CPU.Build.0 = Debug|Any CPU
		{DA231050-7A06-4649-9AC3-32EAEFAE5A49}.Release|Any CPU.ActiveCfg = Release|Any CPU
		{DA231050-7A06-4649-9AC3-32EAEFAE5A49}.Release|Any CPU.Build.0 = Release|Any CPU
		{EC6DFB82-75BD-4731-BD03-DEC56E2E5273}.Debug|Any CPU.ActiveCfg = Debug|Any CPU
		{EC6DFB82-75BD-4731-BD03-DEC56E2E5273}.Debug|Any CPU.Build.0 = Debug|Any CPU
		{EC6DFB82-75BD-4731-BD03-DEC56E2E5273}.Release|Any CPU.ActiveCfg = Release|Any CPU
		{EC6DFB82-75BD-4731-BD03-DEC56E2E5273}.Release|Any CPU.Build.0 = Release|Any CPU
		{3AEA81F1-FE66-4EE6-846E-BBA65512325D}.Debug|Any CPU.ActiveCfg = Debug|Any CPU
		{3AEA81F1-FE66-4EE6-846E-BBA65512325D}.Debug|Any CPU.Build.0 = Debug|Any CPU
		{3AEA81F1-FE66-4EE6-846E-BBA65512325D}.Release|Any CPU.ActiveCfg = Release|Any CPU
		{3AEA81F1-FE66-4EE6-846E-BBA65512325D}.Release|Any CPU.Build.0 = Release|Any CPU
		{77C22A00-6485-40A8-ABC9-0D7678550080}.Debug|Any CPU.ActiveCfg = Debug|Any CPU
		{77C22A00-6485-40A8-ABC9-0D7678550080}.Debug|Any CPU.Build.0 = Debug|Any CPU
		{77C22A00-6485-40A8-ABC9-0D7678550080}.Release|Any CPU.ActiveCfg = Release|Any CPU
		{77C22A00-6485-40A8-ABC9-0D7678550080}.Release|Any CPU.Build.0 = Release|Any CPU
		{80688BD5-53F2-4418-BC82-B740683C0D15}.Debug|Any CPU.ActiveCfg = Debug|Any CPU
		{80688BD5-53F2-4418-BC82-B740683C0D15}.Debug|Any CPU.Build.0 = Debug|Any CPU
		{80688BD5-53F2-4418-BC82-B740683C0D15}.Release|Any CPU.ActiveCfg = Release|Any CPU
		{80688BD5-53F2-4418-BC82-B740683C0D15}.Release|Any CPU.Build.0 = Release|Any CPU
		{B701825B-C467-4F44-8E60-144ECE42F5D9}.Debug|Any CPU.ActiveCfg = Debug|Any CPU
		{B701825B-C467-4F44-8E60-144ECE42F5D9}.Debug|Any CPU.Build.0 = Debug|Any CPU
		{B701825B-C467-4F44-8E60-144ECE42F5D9}.Release|Any CPU.ActiveCfg = Release|Any CPU
		{B701825B-C467-4F44-8E60-144ECE42F5D9}.Release|Any CPU.Build.0 = Release|Any CPU
		{1A21026D-647F-4969-B390-72E1ED503307}.Debug|Any CPU.ActiveCfg = Debug|Any CPU
		{1A21026D-647F-4969-B390-72E1ED503307}.Debug|Any CPU.Build.0 = Debug|Any CPU
		{1A21026D-647F-4969-B390-72E1ED503307}.Release|Any CPU.ActiveCfg = Release|Any CPU
		{1A21026D-647F-4969-B390-72E1ED503307}.Release|Any CPU.Build.0 = Release|Any CPU
	EndGlobalSection
	GlobalSection(SolutionProperties) = preSolution
		HideSolutionNode = FALSE
	EndGlobalSection
	GlobalSection(NestedProjects) = preSolution
		{4B08D560-B567-406A-BD32-F7EA99DCABF4} = {B2F2DAAD-8284-48BF-BCD1-4FD7104D2D61}
		{CD3EFA1D-03B3-4878-ADAE-7C92A840D492} = {6E957D04-9131-4BEE-A9BE-54A3CAD02EC0}
		{3C45144A-FED1-4DAD-A9ED-739272577809} = {B2F2DAAD-8284-48BF-BCD1-4FD7104D2D61}
		{39F29E1A-27C8-46E5-A304-296CB051D6E5} = {F1F5BD14-6CC5-443A-86DA-3BB5BAF3DC88}
		{BC66C632-6B94-47F2-92AC-2AA3186D56FD} = {F1F5BD14-6CC5-443A-86DA-3BB5BAF3DC88}
		{DA231050-7A06-4649-9AC3-32EAEFAE5A49} = {6E957D04-9131-4BEE-A9BE-54A3CAD02EC0}
		{EC6DFB82-75BD-4731-BD03-DEC56E2E5273} = {4CBD1EF7-4010-4974-9A03-E8B6C7745882}
		{B2F2DAAD-8284-48BF-BCD1-4FD7104D2D61} = {46E24D7F-EE9A-4C47-B5ED-15016D6046C2}
		{F1F5BD14-6CC5-443A-86DA-3BB5BAF3DC88} = {46E24D7F-EE9A-4C47-B5ED-15016D6046C2}
		{3AEA81F1-FE66-4EE6-846E-BBA65512325D} = {4CBD1EF7-4010-4974-9A03-E8B6C7745882}
		{46E24D7F-EE9A-4C47-B5ED-15016D6046C2} = {1D3C79F9-1E2C-496F-AD81-BF0A5D4ECF7F}
		{2C5C7E23-5ED8-4C8D-A003-83E228CD64A0} = {1D3C79F9-1E2C-496F-AD81-BF0A5D4ECF7F}
		{BA4AF75A-8C92-4E04-B41D-20974439F373} = {1D3C79F9-1E2C-496F-AD81-BF0A5D4ECF7F}
		{A6508A09-56E2-4510-ABF5-4C9B3D50B7FB} = {1D3C79F9-1E2C-496F-AD81-BF0A5D4ECF7F}
		{F19D0535-5D21-438B-B528-BC4204FB5687} = {1D3C79F9-1E2C-496F-AD81-BF0A5D4ECF7F}
		{1CAD3D51-1B91-4E25-89C5-8C2CDA3CE400} = {1D3C79F9-1E2C-496F-AD81-BF0A5D4ECF7F}
		{28A6396C-02DF-435F-BB12-7885B536B79A} = {1D3C79F9-1E2C-496F-AD81-BF0A5D4ECF7F}
		{36EAB6A7-9C48-4C66-A9C9-F78F2B6C160C} = {1D3C79F9-1E2C-496F-AD81-BF0A5D4ECF7F}
		{6CF3C466-28B9-4E8C-90F2-C68EF7588B6A} = {46E24D7F-EE9A-4C47-B5ED-15016D6046C2}
		{6E957D04-9131-4BEE-A9BE-54A3CAD02EC0} = {46E24D7F-EE9A-4C47-B5ED-15016D6046C2}
		{77C22A00-6485-40A8-ABC9-0D7678550080} = {6CF3C466-28B9-4E8C-90F2-C68EF7588B6A}
		{80688BD5-53F2-4418-BC82-B740683C0D15} = {4CBD1EF7-4010-4974-9A03-E8B6C7745882}
		{B701825B-C467-4F44-8E60-144ECE42F5D9} = {4CBD1EF7-4010-4974-9A03-E8B6C7745882}
		{1A21026D-647F-4969-B390-72E1ED503307} = {6CF3C466-28B9-4E8C-90F2-C68EF7588B6A}
	EndGlobalSection
EndGlobal
